{
  "version": 4,
  "terraform_version": "1.9.4",
  "serial": 9,
  "lineage": "59a30320-3bf5-a026-ad8b-b9bbedfdba72",
  "outputs": {
    "amplify_app_id": {
      "value": "d2m3sju0t4jcvx",
      "type": "string"
    },
    "api_endpoint": {
      "value": "https://hllsrifl0m.execute-api.us-west-2.amazonaws.com/dev",
      "type": "string"
    },
    "dynamodb_table_name": {
      "value": "exponent-calculator-table",
      "type": "string"
    },
    "lambda_function_name": {
      "value": "exponent-calculator-processor",
      "type": "string"
    },
    "s3_bucket_name": {
      "value": "exponent-database-devops-project",
      "type": "string"
    }
  },
  "resources": [
    {
      "mode": "managed",
      "type": "aws_amplify_app",
      "name": "frontend",
      "provider": "provider[\"registry.terraform.io/hashicorp/aws\"]",
      "instances": [
        {
          "schema_version": 0,
          "attributes": {
            "access_token": null,
            "arn": "arn:aws:amplify:us-west-2:615299763319:apps/d2m3sju0t4jcvx",
            "auto_branch_creation_config": [],
            "auto_branch_creation_patterns": null,
            "basic_auth_credentials": "",
            "build_spec": "",
            "cache_config": [
              {
                "type": "AMPLIFY_MANAGED"
              }
            ],
            "custom_headers": "",
            "custom_rule": [],
            "default_domain": "d2m3sju0t4jcvx.amplifyapp.com",
            "description": "",
            "enable_auto_branch_creation": false,
            "enable_basic_auth": false,
            "enable_branch_auto_build": false,
            "enable_branch_auto_deletion": false,
            "environment_variables": null,
            "iam_service_role_arn": "",
            "id": "d2m3sju0t4jcvx",
            "name": "exponent_calculator",
            "oauth_token": null,
            "platform": "WEB",
            "production_branch": [],
            "repository": "",
            "tags": null,
            "tags_all": {}
          },
          "sensitive_attributes": [
            [
              {
                "type": "get_attr",
                "value": "oauth_token"
              }
            ],
            [
              {
                "type": "get_attr",
                "value": "basic_auth_credentials"
              }
            ],
            [
              {
                "type": "get_attr",
                "value": "access_token"
              }
            ]
          ],
          "private": "bnVsbA=="
        }
      ]
    },
    {
      "mode": "managed",
      "type": "aws_apigatewayv2_api",
      "name": "main",
      "provider": "provider[\"registry.terraform.io/hashicorp/aws\"]",
      "instances": [
        {
          "schema_version": 0,
          "attributes": {
            "api_endpoint": "https://hllsrifl0m.execute-api.us-west-2.amazonaws.com",
            "api_key_selection_expression": "$request.header.x-api-key",
            "arn": "arn:aws:apigateway:us-west-2::/apis/hllsrifl0m",
            "body": null,
            "cors_configuration": [],
            "credentials_arn": null,
            "description": "",
            "disable_execute_api_endpoint": false,
            "execution_arn": "arn:aws:execute-api:us-west-2:615299763319:hllsrifl0m",
            "fail_on_warnings": null,
            "id": "hllsrifl0m",
            "name": "exponent-calculator-api",
            "protocol_type": "HTTP",
            "route_key": null,
            "route_selection_expression": "$request.method $request.path",
            "tags": null,
            "tags_all": {},
            "target": null,
            "version": ""
          },
          "sensitive_attributes": [],
          "private": "bnVsbA=="
        }
      ]
    },
    {
      "mode": "managed",
      "type": "aws_apigatewayv2_stage",
      "name": "main",
      "provider": "provider[\"registry.terraform.io/hashicorp/aws\"]",
      "instances": [
        {
          "schema_version": 0,
          "attributes": {
            "access_log_settings": [],
            "api_id": "hllsrifl0m",
            "arn": "arn:aws:apigateway:us-west-2::/apis/hllsrifl0m/stages/dev",
            "auto_deploy": true,
            "client_certificate_id": "",
            "default_route_settings": [
              {
                "data_trace_enabled": false,
                "detailed_metrics_enabled": false,
                "logging_level": "",
                "throttling_burst_limit": 0,
                "throttling_rate_limit": 0
              }
            ],
            "deployment_id": "",
            "description": "",
            "execution_arn": "arn:aws:execute-api:us-west-2:615299763319:hllsrifl0m/dev",
            "id": "dev",
            "invoke_url": "https://hllsrifl0m.execute-api.us-west-2.amazonaws.com/dev",
            "name": "dev",
            "route_settings": [],
            "stage_variables": null,
            "tags": null,
            "tags_all": {}
          },
          "sensitive_attributes": [],
          "private": "bnVsbA==",
          "dependencies": [
            "aws_apigatewayv2_api.main"
          ]
        }
      ]
    },
    {
      "mode": "managed",
      "type": "aws_dynamodb_table",
      "name": "main",
      "provider": "provider[\"registry.terraform.io/hashicorp/aws\"]",
      "instances": [
        {
          "schema_version": 1,
          "attributes": {
            "arn": "arn:aws:dynamodb:us-west-2:615299763319:table/exponent-calculator-table",
            "attribute": [
              {
                "name": "ID",
                "type": "S"
              }
            ],
            "billing_mode": "PAY_PER_REQUEST",
            "deletion_protection_enabled": false,
            "global_secondary_index": [],
            "hash_key": "ID",
            "id": "exponent-calculator-table",
            "import_table": [],
            "local_secondary_index": [],
            "name": "exponent-calculator-table",
            "on_demand_throughput": [],
            "point_in_time_recovery": [
              {
                "enabled": false
              }
            ],
            "range_key": null,
            "read_capacity": 0,
            "replica": [],
            "restore_date_time": null,
            "restore_source_name": null,
            "restore_source_table_arn": null,
            "restore_to_latest_time": null,
            "server_side_encryption": [],
            "stream_arn": "arn:aws:dynamodb:us-west-2:615299763319:table/exponent-calculator-table/stream/2024-12-11T13:42:38.509",
            "stream_enabled": true,
            "stream_label": "2024-12-11T13:42:38.509",
            "stream_view_type": "NEW_AND_OLD_IMAGES",
            "table_class": "STANDARD",
            "tags": null,
            "tags_all": {},
            "timeouts": null,
            "ttl": [
              {
                "attribute_name": "",
                "enabled": false
              }
            ],
            "write_capacity": 0
          },
          "sensitive_attributes": [],
          "private": "eyJlMmJmYjczMC1lY2FhLTExZTYtOGY4OC0zNDM2M2JjN2M0YzAiOnsiY3JlYXRlIjoxODAwMDAwMDAwMDAwLCJkZWxldGUiOjYwMDAwMDAwMDAwMCwidXBkYXRlIjozNjAwMDAwMDAwMDAwfSwic2NoZW1hX3ZlcnNpb24iOiIxIn0="
        }
      ]
    },
    {
      "mode": "managed",
      "type": "aws_iam_role",
      "name": "lambda_role",
      "provider": "provider[\"registry.terraform.io/hashicorp/aws\"]",
      "instances": [
        {
          "schema_version": 0,
          "attributes": {
            "arn": "arn:aws:iam::615299763319:role/exponent-calculator-lambda-role",
            "assume_role_policy": "{\"Statement\":[{\"Action\":\"sts:AssumeRole\",\"Effect\":\"Allow\",\"Principal\":{\"Service\":\"lambda.amazonaws.com\"}}],\"Version\":\"2012-10-17\"}",
            "create_date": "2024-12-11T13:42:38Z",
            "description": "",
            "force_detach_policies": false,
            "id": "exponent-calculator-lambda-role",
            "inline_policy": [],
            "managed_policy_arns": [],
            "max_session_duration": 3600,
            "name": "exponent-calculator-lambda-role",
            "name_prefix": "",
            "path": "/",
            "permissions_boundary": "",
            "tags": null,
            "tags_all": {},
            "unique_id": "AROAY6QVZJR3VJ6Y3I6J5"
          },
          "sensitive_attributes": [],
          "private": "bnVsbA=="
        }
      ]
    },
    {
      "mode": "managed",
      "type": "aws_iam_role_policy",
      "name": "lambda_policy",
      "provider": "provider[\"registry.terraform.io/hashicorp/aws\"]",
      "instances": [
        {
          "schema_version": 0,
          "attributes": {
            "id": "exponent-calculator-lambda-role:exponent-calculator-lambda-policy",
            "name": "exponent-calculator-lambda-policy",
            "name_prefix": "",
            "policy": "{\"Version\":\"2012-10-17\",\"Statement\":[{\"Action\":[\"dynamodb:PutItem\",\"dynamodb:GetItem\",\"dynamodb:UpdateItem\",\"dynamodb:DeleteItem\",\"dynamodb:Query\",\"dynamodb:Scan\"],\"Effect\":\"Allow\",\"Resource\":\"arn:aws:dynamodb:us-west-2:615299763319:table/exponent-calculator-table\"},{\"Action\":[\"logs:CreateLogGroup\",\"logs:CreateLogStream\",\"logs:PutLogEvents\"],\"Effect\":\"Allow\",\"Resource\":\"arn:aws:logs:*:*:*\"}]}",
            "role": "exponent-calculator-lambda-role"
          },
          "sensitive_attributes": [],
          "private": "bnVsbA==",
          "dependencies": [
            "aws_dynamodb_table.main",
            "aws_iam_role.lambda_role"
          ]
        }
      ]
    }
  ],
  "check_results": null
}
